# This file was autogenerated by Stack.
# You should not edit this file by hand.
# For more information, please see the documentation at:
#   https://docs.haskellstack.org/en/stable/lock_files

packages:
- completed:
    hackage: wai-util-0.8@sha256:7181e748ccd405ecef5a586c954acb3d62b55b8eb7368efb5d80d6bf38e8211b,1260
    pantry-tree:
      sha256: b80c70adc40b866a4bf6ba0716806efdcce14235e1e6ae69a25cfde679d771e7
      size: 255
  original:
    hackage: wai-util-0.8
- completed:
    hackage: http-accept-0.2@sha256:c55935f6ff4984aee96ebc130cc9aa6919d322becb613c049a81203cec9fe65e,1154
    pantry-tree:
      sha256: faed5502bca51dd31fdff8277c344278bad508f3e695b6b767530e648a7e00a7
      size: 262
  original:
    hackage: http-accept-0.2
- completed:
    hackage: mini-egison-1.0.0@sha256:43b1b7a25ff1c4945d3dc0264cfbe22f6ad2f59b3d6dcd2dc109289bacca34ce,2705
    pantry-tree:
      sha256: 1da128494f7fce9e6d6ebc50f3bcf6d1938284e52ed44df3445578d197916eca
      size: 748
  original:
    hackage: mini-egison-1.0.0
- completed:
    hackage: FTGL-2.1@sha256:299c20bb73653bf7047e3103375aac800653eb6b0dc9e69aaf3e1ac3180ce8ca,842
    pantry-tree:
      sha256: 9e5876a83f8b798b4f7ecc282c796d71caac7a6fbca71459cd2725fd0ba9cbf1
      size: 215
  original:
    hackage: FTGL-2.1
- completed:
    hackage: pretty-terminal-0.1.0.0@sha256:e9135d86ebb2a8e3aaf5a79088de4628dbd49988388e0fbfc26c5ecb3c399ad9,1638
    pantry-tree:
      sha256: fecec01e618890c284e57cb873b8f9531f479562b7cf08497aef097da3ef90ec
      size: 385
  original:
    hackage: pretty-terminal-0.1.0.0
- completed:
    hackage: strict-io-0.2.2@sha256:1cc96f9a123a919ff9ee479f740cbc9fa9edf7c8ac65334de3fdce07638949ed,1012
    pantry-tree:
      sha256: 2fd47d6f9374805075d176012d95d8ea28e643639b8d028f35f732618b5d1683
      size: 345
  original:
    hackage: strict-io-0.2.2
- completed:
    hackage: ghci-websockets-0.0.2@sha256:fae456e2e9a193407fff16649fd6f3d423790bb69abaf4a8094316b3955dab78,1326
    pantry-tree:
      sha256: 79513bbd11c7514deaa2562fe67b9f768536a61c44e6106953d24ec6f9ece4e9
      size: 755
  original:
    hackage: ghci-websockets-0.0.2
- completed:
    hackage: megaparsec-8.0.0@sha256:362f85e243ecbcb550e1de6e5c74ba5a50c09edaa1208c99bc5b9fd242227fc6,3808
    pantry-tree:
      sha256: 955117c00a86970f2d0c215f33cf5293b16589c04678a0a790c03368ab6fd0aa
      size: 1446
  original:
    hackage: megaparsec-8.0.0
- completed:
    hackage: mysql-haskell-0.8.4.3@sha256:d3ca21ae8cc88670f8adb17c7cacb8bb770f1a58d60b5bff346d1f3fc843d98c,3489
    pantry-tree:
      sha256: c974f4d4f24bb7e17d633301a442a0a5162d30e163cad618a961d61192b6debc
      size: 1754
  original:
    hackage: mysql-haskell-0.8.4.3
- completed:
    hackage: recursion-schemes-5.2.2.1@sha256:fed7167e83698147d7c078bbb1fe74451f96c7c55ed9986c734d268070d85864,3728
    pantry-tree:
      sha256: 61aadd9d085aae152fec040b4bd61054670d3efdd0212c273bea9dd71af30e95
      size: 687
  original:
    hackage: recursion-schemes-5.2.2.1
- completed:
    hackage: wai-predicates-1.0.0@sha256:46ec4b4afcecac28810e6a13613fedc0c995419cb7c5e18d3dd62eed258b434f,2848
    pantry-tree:
      sha256: 58c340a179ad44850ace6f5d7d14df2f2e8cc7fd95f8a83b1c0c19e8b777760b
      size: 1378
  original:
    hackage: wai-predicates-1.0.0
- completed:
    hackage: active-0.2.0.15@sha256:56d95c2205a8e52911bf08784b9958be430036e6ea16521b957c3e27cc71235c,1792
    pantry-tree:
      sha256: 5f2c007588a7e5b2c3500a077cbae93a78c0869f1d2985b0ddcb318285e65def
      size: 1017
  original:
    hackage: active-0.2.0.15
- completed:
    hackage: dual-tree-0.2.3.0@sha256:be4b8ecb2ecef798f88ee569d043f3f19c32f6dd083329cd7cfcb482f0bc6233,2882
    pantry-tree:
      sha256: db681941c4b21ef09d6aef232a8424edd2ca08ad8d4480480d9fbbbad78b0e50
      size: 387
  original:
    hackage: dual-tree-0.2.3.0
- completed:
    hackage: monoid-extras-0.6@sha256:fabcab0a59ac48d8f271016cf8190b21969b202c760df2db85add2fef93d38b4,2197
    pantry-tree:
      sha256: b07d7eef465c7cbc2f5c8368ef98b8a746166cb6953c1f51643f9fba6ead99e0
      size: 1187
  original:
    hackage: monoid-extras-0.6
- completed:
    hackage: svg-builder-0.1.1@sha256:5f44fc6623bf28b6067a5d619dbb9a78825d453266b6f02f69b1e5a03caaf9b2,1580
    pantry-tree:
      sha256: 69048d1e1c51a4aa6f760c3ca8b13851705c204b5b5a419d88c2733f76484577
      size: 535
  original:
    hackage: svg-builder-0.1.1
- completed:
    hackage: tcp-streams-1.0.1.1@sha256:35e9ecfa515797052f8c3c01834d2daebd5e93f3152c7fc98b32652bf6f0c052,2329
    pantry-tree:
      sha256: 572071fca40a0b6c4cc950d10277a6f12e83cf4846882b6ef83fcccaa2c18c45
      size: 1004
  original:
    hackage: tcp-streams-1.0.1.1
- completed:
    hackage: wire-streams-0.1.1.0@sha256:08816c7fa53b20f52e5c465252c106d9de8e6d9580ec0b6d9f000a34c7bcefc8,2130
    pantry-tree:
      sha256: c99a12bfcbeacc5da8f166fbed1eb105a45f08be1a3a071fe9f903b386b14e1d
      size: 506
  original:
    hackage: wire-streams-0.1.1.0
- completed:
    hackage: th-abstraction-0.4.3.0@sha256:db4b3b69398acd8a7c5c8cc8a962da55d65d05d44d5039b51bd3cb5fb3d8400f,2148
    pantry-tree:
      sha256: cd2d3fd020b3c6b415e41c71b60999ca7dd14918b056e15e090f640cba1feed8
      size: 670
  original:
    hackage: th-abstraction-0.4.3.0
- completed:
    hackage: prettyprinter-1.7.1@sha256:9c43c9d8c3cd9f445596e5a2379574bba87f935a4d1fa41b5407ee3cf4edc743,6987
    pantry-tree:
      sha256: cd6f393bf7cba603a1958a139915fc343efd5488e36fd7b3b5c6956c002d04fa
      size: 3460
  original:
    hackage: prettyprinter-1.7.1
- completed:
    hackage: newtype-generics-0.6@sha256:ac08e4b6caff80c8310649581ffba887e9d65b659c8b5697feaf32cf135b6c68,2010
    pantry-tree:
      sha256: 416f8883ad48e4460c6870f774d049cc0f2aca0a5a240661201d917950b6df58
      size: 455
  original:
    hackage: newtype-generics-0.6
- completed:
    hackage: force-layout-0.4.0.6@sha256:77f292407832d609f08cb5c718302c513220586c24fbceab3295227f11d4e108,1309
    pantry-tree:
      sha256: db56e513c56355f72510ae2a0f2ffeaaa6a4d57e400a2c57a1782089de5f6409
      size: 276
  original:
    hackage: force-layout-0.4.0.6
- completed:
    hackage: bytestring-trie-0.2.5.2@sha256:40bc3acb213fd832e71c0b0f14cc975c3eb72ca9bb72b25a134794088ef47e29,3086
    pantry-tree:
      sha256: 8b49983a9bea53c1e41829bafa09eae82ff79756e111ef78254f79ee1f94aea0
      size: 705
  original:
    hackage: bytestring-trie-0.2.5.2
- completed:
    hackage: juicy-draw-0.2.0.0@sha256:436a9b67e8c1d976a08bd5932c00a7204848589df6c18df0dcec00aea584614a,1253
    pantry-tree:
      sha256: 67f1e16fe07671969621bf2e79848472bae9e949a28f75fca7867fe0af951c28
      size: 395
  original:
    hackage: juicy-draw-0.2.0.0
- completed:
    hackage: diagrams-1.4.0.1@sha256:5d003c391fff00c945f8014c24bac0ea7b8daa9500349bef4646fa620a0c5327,5480
    pantry-tree:
      sha256: a28c20bbb11eddd3546fa98f2599507046fc490a4df71da6e928ad3653f2ed50
      size: 208
  original:
    hackage: diagrams-1.4.0.1
- completed:
    hackage: diagrams-lib-1.4.4@sha256:1129be254377b926ce2e932113e4bd06256de878d163fbcbacacf1be97bdf3b0,8220
    pantry-tree:
      sha256: a96099f5e6e4c3236dd2c2dd301e5498a1dd4b968a05dcec144c46eb53e6d912
      size: 11604
  original:
    hackage: diagrams-lib-1.4.4
- completed:
    hackage: diagrams-svg-1.4.3@sha256:407ff78cb7bd1f44c68b0059036186f17a281a053901e29d0139ab151e703247,3159
    pantry-tree:
      sha256: 53c2221ee415d9bfc2f0dd886b67b1edbfdb91f68e809b43cf0bb830fc870ad7
      size: 475
  original:
    hackage: diagrams-svg-1.4.3
- completed:
    hackage: diagrams-contrib-1.4.4@sha256:4847e292098a7e26e3ed1c1190c001e41547e6e1079505720d2123e71352bec9,4753
    pantry-tree:
      sha256: dfe0e2e720525f5523887c7b6d3492e684a21132652492a693cfd3aac9ec18b9
      size: 11387
  original:
    hackage: diagrams-contrib-1.4.4
- completed:
    hackage: diagrams-core-1.5.0@sha256:8ffd24eb97ce309b41c52e5fa3a8acee5e4063565919eb4d41abb5c219b3d49b,2971
    pantry-tree:
      sha256: 670806e0af1e31792557a3bc2c4ffe4c39929fea718c3071eb4702c4512c9795
      size: 2018
  original:
    hackage: diagrams-core-1.5.0
- completed:
    hackage: orthotope-0.1.0.0@sha256:5b7eb013c198924c9315bfc78c771c72ca22cb01cd4289bd49b157e33231dec4,2865
    pantry-tree:
      sha256: ec39fe8ca8b46cc9ae66e6e0dd85de0856aa75abbac963f2b10a1e1c65016af8
      size: 2529
  original:
    hackage: orthotope-0.1.0.0
- completed:
    hackage: text-format-simple-1.1.0@sha256:5815236396328f556b9896fdcb949d15b485ef05394c9dc846e94b0306cb4036,735
    pantry-tree:
      sha256: 026136165778e83cb04c587b3609d95731ccf35da07249c9eb0f29ceb6946cbb
      size: 215
  original:
    hackage: text-format-simple-1.1.0
snapshots:
- completed:
    sha256: 92b1a17e31d0a978fca4bf270305d4d1dd8092271bf60eafbc9349c890854026
    size: 563099
    url: https://raw.githubusercontent.com/commercialhaskell/stackage-snapshots/master/lts/17/2.yaml
  original: lts-17.2
